PODS:
  - ObjectMapper (4.2.0)
  - RBSManager (0.4):
    - ObjectMapper (~> 4.2)
    - Starscream (~> 3.1.1)
  - Starscream (3.1.1)

DEPENDENCIES:
  - RBSManager (from `../`)

SPEC REPOS:
  trunk:
    - ObjectMapper
    - Starscream

EXTERNAL SOURCES:
  RBSManager:
    :path: "../"

SPEC CHECKSUMS:
  ObjectMapper: 1eb41f610210777375fa806bf161dc39fb832b81
  RBSManager: 67cfce80e0103ca4073b23c73aac646158b3331b
  Starscream: 4bb2f9942274833f7b4d296a55504dcfc7edb7b0

PODFILE CHECKSUM: f846aef6eda8851afffa37dff07fc3a0c9176da6

COCOAPODS: 1.8.4
