PODS:
  - ObjectMapper (4.2.0)
  - RBSManager (0.3.3):
    - ObjectMapper (~> 4.2)
    - Starscream (~> 4.0)
  - Starscream (4.0.4)

DEPENDENCIES:
  - RBSManager (from `../`)

SPEC REPOS:
  trunk:
    - ObjectMapper
    - Starscream

EXTERNAL SOURCES:
  RBSManager:
    :path: "../"

SPEC CHECKSUMS:
  ObjectMapper: 1eb41f610210777375fa806bf161dc39fb832b81
  RBSManager: 26e247e5ee2bcb360a5bf2a2ca21df4b08651765
  Starscream: 5178aed56b316f13fa3bc55694e583d35dd414d9

PODFILE CHECKSUM: f846aef6eda8851afffa37dff07fc3a0c9176da6

COCOAPODS: 1.8.4
