PODS:
  - ObjectMapper (3.4.2)
  - RBSManager (0.3.1):
    - ObjectMapper (~> 3.4.2)
    - Starscream (~> 3.0.3)
  - Starscream (3.0.6)

DEPENDENCIES:
  - RBSManager (from `../`)

SPEC REPOS:
  https://github.com/cocoapods/specs.git:
    - ObjectMapper
    - Starscream

EXTERNAL SOURCES:
  RBSManager:
    :path: "../"

SPEC CHECKSUMS:
  ObjectMapper: 0d4402610f4e468903ae64629eec4784531e5c51
  RBSManager: d51cdbab1ed62b674e607fc16f44c65bbb5766cc
  Starscream: ef3ece99d765eeccb67de105bfa143f929026cf5

PODFILE CHECKSUM: f846aef6eda8851afffa37dff07fc3a0c9176da6

COCOAPODS: 1.5.3
